
Microsoft Visual Studio Solution File, Format Version 12.00
# Visual Studio 15
VisualStudioVersion = 15.0.28307.572
MinimumVisualStudioVersion = 10.0.40219.1
Project("{FAE04EC0-301F-11D3-BF4B-00C04F79EFBC}") = "BadProcKiller", "BadProcKiller\BadProcKiller.csproj", "{580302E0-7FE1-4A0E-9D6F-0185359FDBF9}"
EndProject
Project("{FAE04EC0-301F-11D3-BF4B-00C04F79EFBC}") = "ConsoleApp1", "..\..\..\source\repos\ConsoleApp1\ConsoleApp1\ConsoleApp1.csproj", "{4805B4D6-E66F-4227-BDF7-619A50843812}"
EndProject
Global
	GlobalSection(SolutionConfigurationPlatforms) = preSolution
		Debug|Any CPU = Debug|Any CPU
		Release|Any CPU = Release|Any CPU
	EndGlobalSection
	GlobalSection(ProjectConfigurationPlatforms) = postSolution
		{580302E0-7FE1-4A0E-9D6F-0185359FDBF9}.Debug|Any CPU.ActiveCfg = Debug|Any CPU
		{580302E0-7FE1-4A0E-9D6F-0185359FDBF9}.Debug|Any CPU.Build.0 = Debug|Any CPU
		{580302E0-7FE1-4A0E-9D6F-0185359FDBF9}.Release|Any CPU.ActiveCfg = Release|Any CPU
		{580302E0-7FE1-4A0E-9D6F-0185359FDBF9}.Release|Any CPU.Build.0 = Release|Any CPU
		{4805B4D6-E66F-4227-BDF7-619A50843812}.Debug|Any CPU.ActiveCfg = Debug|Any CPU
		{4805B4D6-E66F-4227-BDF7-619A50843812}.Debug|Any CPU.Build.0 = Debug|Any CPU
		{4805B4D6-E66F-4227-BDF7-619A50843812}.Release|Any CPU.ActiveCfg = Release|Any CPU
		{4805B4D6-E66F-4227-BDF7-619A50843812}.Release|Any CPU.Build.0 = Release|Any CPU
	EndGlobalSection
	GlobalSection(SolutionProperties) = preSolution
		HideSolutionNode = FALSE
	EndGlobalSection
	GlobalSection(ExtensibilityGlobals) = postSolution
		SolutionGuid = {52CCA2B6-7164-4C8F-ABDC-4CC7987B9170}
	EndGlobalSection
EndGlobal
